{
  "name": "mdbook-to-vitepress",
  "version": "1.0.0-beta.2",
  "lockfileVersion": 3,
  "requires": true,
  "packages": {
    "": {
      "name": "mdbook-to-vitepress",
      "version": "1.0.0-beta.2",
      "license": "MIT",
      "dependencies": {
        "commander": "^11.0.0",
        "fs-extra": "^11.0.0",
        "yaml": "^2.3.0"
      },
      "bin": {
        "mdbook-to-vitepress": "dist/cli.js"
      },
      "devDependencies": {
        "@types/fs-extra": "^11.0.4",
        "@types/node": "^20.0.0",
        "rolldown": "^1.0.0-beta.27",
        "typescript": "^5.0.0"
      }
    },
    "../node_modules/.pnpm/@types+node@20.19.8/node_modules/@types/node": {
      "version": "20.19.8",
      "dev": true,
      "license": "MIT",
      "dependencies": {
        "undici-types": "~6.21.0"
      }
    },
    "../node_modules/.pnpm/commander@11.1.0/node_modules/commander": {
      "version": "11.1.0",
      "license": "MIT",
      "devDependencies": {
        "@types/jest": "^29.2.4",
        "@types/node": "^20.2.5",
        "@typescript-eslint/eslint-plugin": "^5.47.1",
        "@typescript-eslint/parser": "^5.47.1",
        "eslint": "^8.30.0",
        "eslint-config-standard": "^17.0.0",
        "eslint-config-standard-with-typescript": "^33.0.0",
        "eslint-plugin-import": "^2.26.0",
        "eslint-plugin-jest": "^27.1.7",
        "eslint-plugin-n": "^15.6.0",
        "eslint-plugin-promise": "^6.1.1",
        "jest": "^29.3.1",
        "ts-jest": "^29.0.3",
        "tsd": "^0.28.1",
        "typescript": "^5.0.4"
      },
      "engines": {
        "node": ">=16"
      }
    },
    "../node_modules/.pnpm/fs-extra@11.3.0/node_modules/fs-extra": {
      "version": "11.3.0",
      "license": "MIT",
      "dependencies": {
        "graceful-fs": "^4.2.0",
        "jsonfile": "^6.0.1",
        "universalify": "^2.0.0"
      },
      "devDependencies": {
        "klaw": "^2.1.1",
        "klaw-sync": "^3.0.2",
        "minimist": "^1.1.1",
        "mocha": "^10.1.0",
        "nyc": "^15.0.0",
        "proxyquire": "^2.0.1",
        "read-dir-files": "^0.1.1",
        "standard": "^17.0.0"
      },
      "engines": {
        "node": ">=14.14"
      }
    },
    "../node_modules/.pnpm/typescript@5.8.3/node_modules/typescript": {
      "version": "5.8.3",
      "dev": true,
      "license": "Apache-2.0",
      "bin": {
        "tsc": "bin/tsc",
        "tsserver": "bin/tsserver"
      },
      "devDependencies": {
        "@dprint/formatter": "^0.4.1",
        "@dprint/typescript": "0.93.3",
        "@esfx/canceltoken": "^1.0.0",
        "@eslint/js": "^9.17.0",
        "@octokit/rest": "^21.0.2",
        "@types/chai": "^4.3.20",
        "@types/diff": "^5.2.3",
        "@types/minimist": "^1.2.5",
        "@types/mocha": "^10.0.10",
        "@types/ms": "^0.7.34",
        "@types/node": "latest",
        "@types/source-map-support": "^0.5.10",
        "@types/which": "^3.0.4",
        "@typescript-eslint/rule-tester": "^8.18.1",
        "@typescript-eslint/type-utils": "^8.18.1",
        "@typescript-eslint/utils": "^8.18.1",
        "azure-devops-node-api": "^14.1.0",
        "c8": "^10.1.3",
        "chai": "^4.5.0",
        "chalk": "^4.1.2",
        "chokidar": "^3.6.0",
        "diff": "^5.2.0",
        "dprint": "^0.47.6",
        "esbuild": "^0.24.0",
        "eslint": "^9.17.0",
        "eslint-formatter-autolinkable-stylish": "^1.4.0",
        "eslint-plugin-regexp": "^2.7.0",
        "fast-xml-parser": "^4.5.1",
        "glob": "^10.4.5",
        "globals": "^15.13.0",
        "hereby": "^1.10.0",
        "jsonc-parser": "^3.3.1",
        "knip": "^5.41.0",
        "minimist": "^1.2.8",
        "mocha": "^10.8.2",
        "mocha-fivemat-progress-reporter": "^0.1.0",
        "monocart-coverage-reports": "^2.11.4",
        "ms": "^2.1.3",
        "playwright": "^1.49.1",
        "source-map-support": "^0.5.21",
        "tslib": "^2.8.1",
        "typescript": "^5.7.2",
        "typescript-eslint": "^8.18.1",
        "which": "^3.0.1"
      },
      "engines": {
        "node": ">=14.17"
      }
    },
    "../node_modules/.pnpm/yaml@2.8.0/node_modules/yaml": {
      "version": "2.8.0",
      "license": "ISC",
      "bin": {
        "yaml": "bin.mjs"
      },
      "devDependencies": {
        "@babel/core": "^7.12.10",
        "@babel/plugin-transform-typescript": "^7.12.17",
        "@babel/preset-env": "^7.12.11",
        "@eslint/js": "^9.9.1",
        "@rollup/plugin-babel": "^6.0.3",
        "@rollup/plugin-replace": "^5.0.2",
        "@rollup/plugin-typescript": "^12.1.1",
        "@types/jest": "^29.2.4",
        "@types/node": "^20.11.20",
        "babel-jest": "^29.0.1",
        "cross-env": "^7.0.3",
        "eslint": "^9.9.1",
        "eslint-config-prettier": "^9.0.0",
        "fast-check": "^2.12.0",
        "jest": "^29.0.1",
        "jest-ts-webcompat-resolver": "^1.0.0",
        "prettier": "^3.0.2",
        "rollup": "^4.12.0",
        "tslib": "^2.8.1",
        "typescript": "^5.7.2",
        "typescript-eslint": "^8.4.0"
      },
      "engines": {
        "node": ">= 14.6"
      }
    },
    "node_modules/@emnapi/core": {
      "version": "1.4.4",
      "resolved": "https://registry.npmmirror.com/@emnapi/core/-/core-1.4.4.tgz",
      "integrity": "sha512-A9CnAbC6ARNMKcIcrQwq6HeHCjpcBZ5wSx4U01WXCqEKlrzB9F9315WDNHkrs2xbx7YjjSxbUYxuN6EQzpcY2g==",
      "dev": true,
      "license": "MIT",
      "optional": true,
      "dependencies": {
        "@emnapi/wasi-threads": "1.0.3",
        "tslib": "^2.4.0"
      }
    },
    "node_modules/@emnapi/runtime": {
      "version": "1.4.4",
      "resolved": "https://registry.npmmirror.com/@emnapi/runtime/-/runtime-1.4.4.tgz",
      "integrity": "sha512-hHyapA4A3gPaDCNfiqyZUStTMqIkKRshqPIuDOXv1hcBnD4U3l8cP0T1HMCfGRxQ6V64TGCcoswChANyOAwbQg==",
      "dev": true,
      "license": "MIT",
      "optional": true,
      "dependencies": {
        "tslib": "^2.4.0"
      }
    },
    "node_modules/@emnapi/wasi-threads": {
      "version": "1.0.3",
      "resolved": "https://registry.npmmirror.com/@emnapi/wasi-threads/-/wasi-threads-1.0.3.tgz",
      "integrity": "sha512-8K5IFFsQqF9wQNJptGbS6FNKgUTsSRYnTqNCG1vPP8jFdjSv18n2mQfJpkt2Oibo9iBEzcDnDxNwKTzC7svlJw==",
      "dev": true,
      "license": "MIT",
      "optional": true,
      "dependencies": {
        "tslib": "^2.4.0"
      }
    },
    "node_modules/@napi-rs/wasm-runtime": {
      "version": "0.2.12",
      "resolved": "https://registry.npmmirror.com/@napi-rs/wasm-runtime/-/wasm-runtime-0.2.12.tgz",
      "integrity": "sha512-ZVWUcfwY4E/yPitQJl481FjFo3K22D6qF0DuFH6Y/nbnE11GY5uguDxZMGXPQ8WQ0128MXQD7TnfHyK4oWoIJQ==",
      "dev": true,
      "license": "MIT",
      "optional": true,
      "dependencies": {
        "@emnapi/core": "^1.4.3",
        "@emnapi/runtime": "^1.4.3",
        "@tybys/wasm-util": "^0.10.0"
      }
    },
    "node_modules/@oxc-project/runtime": {
      "version": "0.77.0",
      "resolved": "https://registry.npmmirror.com/@oxc-project/runtime/-/runtime-0.77.0.tgz",
      "integrity": "sha512-cMbHs/DaomWSjxeJ79G10GA5hzJW9A7CZ+/cO+KuPZ7Trf3Rr07qSLauC4Ns8ba4DKVDjd8VSC9nVLpw6jpoGQ==",
      "dev": true,
      "license": "MIT",
      "engines": {
        "node": ">=6.9.0"
      }
    },
    "node_modules/@oxc-project/types": {
      "version": "0.77.0",
      "resolved": "https://registry.npmmirror.com/@oxc-project/types/-/types-0.77.0.tgz",
      "integrity": "sha512-iUQj185VvCPnSba+ltUV5tVDrPX6LeZVtQywnnoGbe4oJ1VKvDKisjGkD/AvVtdm98b/BdsVS35IlJV1m2mBBA==",
      "dev": true,
      "license": "MIT",
      "funding": {
        "url": "https://github.com/sponsors/Boshen"
      }
    },
    "node_modules/@rolldown/binding-android-arm64": {
      "version": "1.0.0-beta.27",
      "resolved": "https://registry.npmmirror.com/@rolldown/binding-android-arm64/-/binding-android-arm64-1.0.0-beta.27.tgz",
      "integrity": "sha512-IJL3efUJmvb5MfTEi7bGK4jq3ZFAzVbSy+vmul0DcdrglUd81Tfyy7Zzq2oM0tUgmACG32d8Jz/ykbpbf+3C5A==",
      "cpu": [
        "arm64"
      ],
      "dev": true,
      "license": "MIT",
      "optional": true,
      "os": [
        "android"
      ]
    },
    "node_modules/@rolldown/binding-darwin-arm64": {
      "version": "1.0.0-beta.27",
      "resolved": "https://registry.npmmirror.com/@rolldown/binding-darwin-arm64/-/binding-darwin-arm64-1.0.0-beta.27.tgz",
      "integrity": "sha512-TXTiuHbtnHfb0c44vNfWfIyEFJ0BFUf63ip9Z4mj8T2zRcZXQYVger4OuAxnwGNGBgDyHo1VaNBG+Vxn2VrpqQ==",
      "cpu": [
        "arm64"
      ],
      "dev": true,
      "license": "MIT",
      "optional": true,
      "os": [
        "darwin"
      ]
    },
    "node_modules/@rolldown/binding-darwin-x64": {
      "version": "1.0.0-beta.27",
      "resolved": "https://registry.npmmirror.com/@rolldown/binding-darwin-x64/-/binding-darwin-x64-1.0.0-beta.27.tgz",
      "integrity": "sha512-Jpjflgvbolh+fAaaEajPJQCOpZMawYMbNVzuZp3nidX1B7kMAP7NEKp9CWzthoL2Y8RfD7OApN6bx4+vFurTaw==",
      "cpu": [
        "x64"
      ],
      "dev": true,
      "license": "MIT",
      "optional": true,
      "os": [
        "darwin"
      ]
    },
    "node_modules/@rolldown/binding-freebsd-x64": {
      "version": "1.0.0-beta.27",
      "resolved": "https://registry.npmmirror.com/@rolldown/binding-freebsd-x64/-/binding-freebsd-x64-1.0.0-beta.27.tgz",
      "integrity": "sha512-07ZNlXIunyS1jCTnene7aokkzCZNBUnmnJWu4Nz5X5XQvVHJNjsDhPFJTlNmneSDzA3vGkRNwdECKXiDTH/CqA==",
      "cpu": [
        "x64"
      ],
      "dev": true,
      "license": "MIT",
      "optional": true,
      "os": [
        "freebsd"
      ]
    },
    "node_modules/@rolldown/binding-linux-arm-gnueabihf": {
      "version": "1.0.0-beta.27",
      "resolved": "https://registry.npmmirror.com/@rolldown/binding-linux-arm-gnueabihf/-/binding-linux-arm-gnueabihf-1.0.0-beta.27.tgz",
      "integrity": "sha512-z74ah00oyKnTUtaIbg34TaIU1PYM8tGE1bK6aUs8OLZ9sWW4g3Xo5A0nit2zyeanmYFvrAUxnt3Bpk+mTZCtlg==",
      "cpu": [
        "arm"
      ],
      "dev": true,
      "license": "MIT",
      "optional": true,
      "os": [
        "linux"
      ]
    },
    "node_modules/@rolldown/binding-linux-arm64-gnu": {
      "version": "1.0.0-beta.27",
      "resolved": "https://registry.npmmirror.com/@rolldown/binding-linux-arm64-gnu/-/binding-linux-arm64-gnu-1.0.0-beta.27.tgz",
      "integrity": "sha512-b9oKl/M5OIyAcosS73BmjOZOjvcONV97t2SnKpgwfDX/mjQO3dBgTYyvHMFA6hfhIDW1+2XVQR/k5uzBULFhoA==",
      "cpu": [
        "arm64"
      ],
      "dev": true,
      "license": "MIT",
      "optional": true,
      "os": [
        "linux"
      ]
    },
    "node_modules/@rolldown/binding-linux-arm64-musl": {
      "version": "1.0.0-beta.27",
      "resolved": "https://registry.npmmirror.com/@rolldown/binding-linux-arm64-musl/-/binding-linux-arm64-musl-1.0.0-beta.27.tgz",
      "integrity": "sha512-RmaNSkVmAH8u/r5Q+v4O0zL4HY8pLrvlM5wBoBrb/QHDQgksGKBqhecpg1ERER0Q7gMh/GJUz6JiiD55Q+9UOA==",
      "cpu": [
        "arm64"
      ],
      "dev": true,
      "license": "MIT",
      "optional": true,
      "os": [
        "linux"
      ]
    },
    "node_modules/@rolldown/binding-linux-arm64-ohos": {
      "version": "1.0.0-beta.27",
      "resolved": "https://registry.npmmirror.com/@rolldown/binding-linux-arm64-ohos/-/binding-linux-arm64-ohos-1.0.0-beta.27.tgz",
      "integrity": "sha512-gq78fI/g0cp1UKFMk53kP/oZAgYOXbaqdadVMuCJc0CoSkDJcpO2YIasRs/QYlE91QWfcHD5RZl9zbf4ksTS/w==",
      "cpu": [
        "arm64"
      ],
      "dev": true,
      "license": "MIT",
      "optional": true,
      "os": [
        "openharmony"
      ]
    },
    "node_modules/@rolldown/binding-linux-x64-gnu": {
      "version": "1.0.0-beta.27",
      "resolved": "https://registry.npmmirror.com/@rolldown/binding-linux-x64-gnu/-/binding-linux-x64-gnu-1.0.0-beta.27.tgz",
      "integrity": "sha512-yS/GreJ6BT44dHu1WLigc50S8jZA+pDzzsf8tqRptUTwi5YW7dX3NqcDlc/lXsZqu57aKynLljgClYAm90LEKw==",
      "cpu": [
        "x64"
      ],
      "dev": true,
      "license": "MIT",
      "optional": true,
      "os": [
        "linux"
      ]
    },
    "node_modules/@rolldown/binding-linux-x64-musl": {
      "version": "1.0.0-beta.27",
      "resolved": "https://registry.npmmirror.com/@rolldown/binding-linux-x64-musl/-/binding-linux-x64-musl-1.0.0-beta.27.tgz",
      "integrity": "sha512-6FV9To1sXewGHY4NaCPeOE5p5o1qfuAjj+m75WVIPw9HEJVsQoC5QiTL5wWVNqSMch4X0eWnQ6WsQolU6sGMIA==",
      "cpu": [
        "x64"
      ],
      "dev": true,
      "license": "MIT",
      "optional": true,
      "os": [
        "linux"
      ]
    },
    "node_modules/@rolldown/binding-wasm32-wasi": {
      "version": "1.0.0-beta.27",
      "resolved": "https://registry.npmmirror.com/@rolldown/binding-wasm32-wasi/-/binding-wasm32-wasi-1.0.0-beta.27.tgz",
      "integrity": "sha512-VcxdhF0PQda9krFJHw4DqUkdAsHWYs/Uz/Kr/zhU8zMFDzmK6OdUgl9emGj9wTzXAEHYkAMDhk+OJBRJvp424g==",
      "cpu": [
        "wasm32"
      ],
      "dev": true,
      "license": "MIT",
      "optional": true,
      "dependencies": {
        "@napi-rs/wasm-runtime": "^0.2.12"
      },
      "engines": {
        "node": ">=14.0.0"
      }
    },
    "node_modules/@rolldown/binding-win32-arm64-msvc": {
      "version": "1.0.0-beta.27",
      "resolved": "https://registry.npmmirror.com/@rolldown/binding-win32-arm64-msvc/-/binding-win32-arm64-msvc-1.0.0-beta.27.tgz",
      "integrity": "sha512-3bXSARqSf8jLHrQ1/tw9pX1GwIR9jA6OEsqTgdC0DdpoZ+34sbJXE9Nse3dQ0foGLKBkh4PqDv/rm2Thu9oVBw==",
      "cpu": [
        "arm64"
      ],
      "dev": true,
      "license": "MIT",
      "optional": true,
      "os": [
        "win32"
      ]
    },
    "node_modules/@rolldown/binding-win32-ia32-msvc": {
      "version": "1.0.0-beta.27",
      "resolved": "https://registry.npmmirror.com/@rolldown/binding-win32-ia32-msvc/-/binding-win32-ia32-msvc-1.0.0-beta.27.tgz",
      "integrity": "sha512-xPGcKb+W8NIWAf5KApsUIrhiKH5NImTarICge5jQ2m0BBxD31crio4OXy/eYVq5CZkqkqszLQz2fWZcWNmbzlQ==",
      "cpu": [
        "ia32"
      ],
      "dev": true,
      "license": "MIT",
      "optional": true,
      "os": [
        "win32"
      ]
    },
    "node_modules/@rolldown/binding-win32-x64-msvc": {
      "version": "1.0.0-beta.27",
      "resolved": "https://registry.npmmirror.com/@rolldown/binding-win32-x64-msvc/-/binding-win32-x64-msvc-1.0.0-beta.27.tgz",
      "integrity": "sha512-3y1G8ARpXBAcz4RJM5nzMU6isS/gXZl8SuX8lS2piFOnQMiOp6ajeelnciD+EgG4ej793zvNvr+WZtdnao2yrw==",
      "cpu": [
        "x64"
      ],
      "dev": true,
      "license": "MIT",
      "optional": true,
      "os": [
        "win32"
      ]
    },
    "node_modules/@rolldown/pluginutils": {
      "version": "1.0.0-beta.27",
      "resolved": "https://registry.npmmirror.com/@rolldown/pluginutils/-/pluginutils-1.0.0-beta.27.tgz",
      "integrity": "sha512-+d0F4MKMCbeVUJwG96uQ4SgAznZNSq93I3V+9NHA4OpvqG8mRCpGdKmK8l/dl02h2CCDHwW2FqilnTyDcAnqjA==",
      "dev": true,
      "license": "MIT"
    },
    "node_modules/@tybys/wasm-util": {
      "version": "0.10.0",
      "resolved": "https://registry.npmmirror.com/@tybys/wasm-util/-/wasm-util-0.10.0.tgz",
      "integrity": "sha512-VyyPYFlOMNylG45GoAe0xDoLwWuowvf92F9kySqzYh8vmYm7D2u4iUJKa1tOUpS70Ku13ASrOkS4ScXFsTaCNQ==",
      "dev": true,
      "license": "MIT",
      "optional": true,
      "dependencies": {
        "tslib": "^2.4.0"
      }
    },
    "node_modules/@types/fs-extra": {
      "version": "11.0.4",
      "resolved": "https://registry.npmmirror.com/@types/fs-extra/-/fs-extra-11.0.4.tgz",
      "integrity": "sha512-yTbItCNreRooED33qjunPthRcSjERP1r4MqCZc7wv0u2sUkzTFp45tgUfS5+r7FrZPdmCCNflLhVSP/o+SemsQ==",
      "dev": true,
      "license": "MIT",
      "dependencies": {
        "@types/jsonfile": "*",
        "@types/node": "*"
      }
    },
    "node_modules/@types/jsonfile": {
      "version": "6.1.4",
      "resolved": "https://registry.npmmirror.com/@types/jsonfile/-/jsonfile-6.1.4.tgz",
      "integrity": "sha512-D5qGUYwjvnNNextdU59/+fI+spnwtTFmyQP0h+PfIOSkNfpU6AOICUOkm4i0OnSk+NyjdPJrxCDro0sJsWlRpQ==",
      "dev": true,
      "license": "MIT",
      "dependencies": {
        "@types/node": "*"
      }
    },
    "node_modules/@types/node": {
      "resolved": "../node_modules/.pnpm/@types+node@20.19.8/node_modules/@types/node",
      "link": true
    },
    "node_modules/ansis": {
      "version": "4.1.0",
      "resolved": "https://registry.npmmirror.com/ansis/-/ansis-4.1.0.tgz",
      "integrity": "sha512-BGcItUBWSMRgOCe+SVZJ+S7yTRG0eGt9cXAHev72yuGcY23hnLA7Bky5L/xLyPINoSN95geovfBkqoTlNZYa7w==",
      "dev": true,
      "license": "ISC",
      "engines": {
        "node": ">=14"
      }
    },
    "node_modules/commander": {
      "resolved": "../node_modules/.pnpm/commander@11.1.0/node_modules/commander",
      "link": true
    },
    "node_modules/fs-extra": {
      "resolved": "../node_modules/.pnpm/fs-extra@11.3.0/node_modules/fs-extra",
      "link": true
    },
    "node_modules/rolldown": {
      "version": "1.0.0-beta.27",
      "resolved": "https://registry.npmmirror.com/rolldown/-/rolldown-1.0.0-beta.27.tgz",
      "integrity": "sha512-aYiJmzKoUHoaaEZLRegYVfZkXW7gzdgSbq+u5cXQ6iXc/y8tnQ3zGffQo44Pr1lTKeLluw3bDIDUCx/NAzqKeA==",
      "dev": true,
      "license": "MIT",
      "dependencies": {
        "@oxc-project/runtime": "=0.77.0",
        "@oxc-project/types": "=0.77.0",
        "@rolldown/pluginutils": "1.0.0-beta.27",
        "ansis": "^4.0.0"
      },
      "bin": {
        "rolldown": "bin/cli.mjs"
      },
      "optionalDependencies": {
        "@rolldown/binding-android-arm64": "1.0.0-beta.27",
        "@rolldown/binding-darwin-arm64": "1.0.0-beta.27",
        "@rolldown/binding-darwin-x64": "1.0.0-beta.27",
        "@rolldown/binding-freebsd-x64": "1.0.0-beta.27",
        "@rolldown/binding-linux-arm-gnueabihf": "1.0.0-beta.27",
        "@rolldown/binding-linux-arm64-gnu": "1.0.0-beta.27",
        "@rolldown/binding-linux-arm64-musl": "1.0.0-beta.27",
        "@rolldown/binding-linux-arm64-ohos": "1.0.0-beta.27",
        "@rolldown/binding-linux-x64-gnu": "1.0.0-beta.27",
        "@rolldown/binding-linux-x64-musl": "1.0.0-beta.27",
        "@rolldown/binding-wasm32-wasi": "1.0.0-beta.27",
        "@rolldown/binding-win32-arm64-msvc": "1.0.0-beta.27",
        "@rolldown/binding-win32-ia32-msvc": "1.0.0-beta.27",
        "@rolldown/binding-win32-x64-msvc": "1.0.0-beta.27"
      }
    },
    "node_modules/tslib": {
      "version": "2.8.1",
      "resolved": "https://registry.npmmirror.com/tslib/-/tslib-2.8.1.tgz",
      "integrity": "sha512-oJFu94HQb+KVduSUQL7wnpmqnfmLsOA/nAh6b6EH0wCEoK0/mPeXU6c3wKDV83MkOuHPRHtSXKKU99IBazS/2w==",
      "dev": true,
      "license": "0BSD",
      "optional": true
    },
    "node_modules/typescript": {
      "resolved": "../node_modules/.pnpm/typescript@5.8.3/node_modules/typescript",
      "link": true
    },
    "node_modules/yaml": {
      "resolved": "../node_modules/.pnpm/yaml@2.8.0/node_modules/yaml",
      "link": true
    }
  }
}
